
Microsoft Visual Studio Solution File, Format Version 12.00
# Visual Studio Version 16
VisualStudioVersion = 16.0.36128.20
MinimumVisualStudioVersion = 10.0.40219.1
Project("{FAE04EC0-301F-11D3-BF4B-00C04F79EFBC}") = "Assignment 1", "Assignment 1\Assignment 1.csproj", "{DFCEC6CB-2673-4157-AB5F-52CD98966795}"
EndProject
Global
	GlobalSection(SolutionConfigurationPlatforms) = preSolution
		Debug|Any CPU = Debug|Any CPU
		Release|Any CPU = Release|Any CPU
	EndGlobalSection
	GlobalSection(ProjectConfigurationPlatforms) = postSolution
		{DFCEC6CB-2673-4157-AB5F-52CD98966795}.Debug|Any CPU.ActiveCfg = Debug|Any CPU
		{DFCEC6CB-2673-4157-AB5F-52CD98966795}.Debug|Any CPU.Build.0 = Debug|Any CPU
		{DFCEC6CB-2673-4157-AB5F-52CD98966795}.Release|Any CPU.ActiveCfg = Release|Any CPU
		{DFCEC6CB-2673-4157-AB5F-52CD98966795}.Release|Any CPU.Build.0 = Release|Any CPU
	EndGlobalSection
	GlobalSection(SolutionProperties) = preSolution
		HideSolutionNode = FALSE
	EndGlobalSection
	GlobalSection(ExtensibilityGlobals) = postSolution
		SolutionGuid = {DCA3AC88-E362-402D-8709-B97139E4F85C}
	EndGlobalSection
EndGlobal
