
Microsoft Visual Studio Solution File, Format Version 12.00
# Visual Studio Version 16
VisualStudioVersion = 16.0.36128.20
MinimumVisualStudioVersion = 10.0.40219.1
Project("{FAE04EC0-301F-11D3-BF4B-00C04F79EFBC}") = "Code Challenge 9", "Code Challenge 9\Code Challenge 9.csproj", "{5C8B8098-D5D9-42E9-9D05-2B3CC0551EEF}"
EndProject
Global
	GlobalSection(SolutionConfigurationPlatforms) = preSolution
		Debug|Any CPU = Debug|Any CPU
		Release|Any CPU = Release|Any CPU
	EndGlobalSection
	GlobalSection(ProjectConfigurationPlatforms) = postSolution
		{5C8B8098-D5D9-42E9-9D05-2B3CC0551EEF}.Debug|Any CPU.ActiveCfg = Debug|Any CPU
		{5C8B8098-D5D9-42E9-9D05-2B3CC0551EEF}.Debug|Any CPU.Build.0 = Debug|Any CPU
		{5C8B8098-D5D9-42E9-9D05-2B3CC0551EEF}.Release|Any CPU.ActiveCfg = Release|Any CPU
		{5C8B8098-D5D9-42E9-9D05-2B3CC0551EEF}.Release|Any CPU.Build.0 = Release|Any CPU
	EndGlobalSection
	GlobalSection(SolutionProperties) = preSolution
		HideSolutionNode = FALSE
	EndGlobalSection
	GlobalSection(ExtensibilityGlobals) = postSolution
		SolutionGuid = {90006046-4A7F-40F0-89D8-C4AF96BDA6D1}
	EndGlobalSection
EndGlobal
