
Microsoft Visual Studio Solution File, Format Version 12.00
# Visual Studio Version 16
VisualStudioVersion = 16.0.36128.20
MinimumVisualStudioVersion = 10.0.40219.1
Project("{FAE04EC0-301F-11D3-BF4B-00C04F79EFBC}") = "Mini Project", "Mini Project\Mini Project.csproj", "{93A6FBA8-FCD2-4A11-A8EC-9049ADE9C723}"
EndProject
Project("{FAE04EC0-301F-11D3-BF4B-00C04F79EFBC}") = "MiniProject_Testing", "MiniProject_Testing\MiniProject_Testing.csproj", "{257C8435-E5C4-4893-9737-E296F8FA4EB4}"
EndProject
Global
	GlobalSection(SolutionConfigurationPlatforms) = preSolution
		Debug|Any CPU = Debug|Any CPU
		Release|Any CPU = Release|Any CPU
	EndGlobalSection
	GlobalSection(ProjectConfigurationPlatforms) = postSolution
		{93A6FBA8-FCD2-4A11-A8EC-9049ADE9C723}.Debug|Any CPU.ActiveCfg = Debug|Any CPU
		{93A6FBA8-FCD2-4A11-A8EC-9049ADE9C723}.Debug|Any CPU.Build.0 = Debug|Any CPU
		{93A6FBA8-FCD2-4A11-A8EC-9049ADE9C723}.Release|Any CPU.ActiveCfg = Release|Any CPU
		{93A6FBA8-FCD2-4A11-A8EC-9049ADE9C723}.Release|Any CPU.Build.0 = Release|Any CPU
		{257C8435-E5C4-4893-9737-E296F8FA4EB4}.Debug|Any CPU.ActiveCfg = Debug|Any CPU
		{257C8435-E5C4-4893-9737-E296F8FA4EB4}.Debug|Any CPU.Build.0 = Debug|Any CPU
		{257C8435-E5C4-4893-9737-E296F8FA4EB4}.Release|Any CPU.ActiveCfg = Release|Any CPU
		{257C8435-E5C4-4893-9737-E296F8FA4EB4}.Release|Any CPU.Build.0 = Release|Any CPU
	EndGlobalSection
	GlobalSection(SolutionProperties) = preSolution
		HideSolutionNode = FALSE
	EndGlobalSection
	GlobalSection(ExtensibilityGlobals) = postSolution
		SolutionGuid = {D41F4773-B856-4F72-BDF3-7734DB12D378}
	EndGlobalSection
EndGlobal
